// !$*UTF8*$!
{
	archiveVersion = 1;
	classes = {
	};
	objectVersion = 55;
	objects = {

/* Begin PBXBuildFile section */
		980910E128A2614900AC1242 /* Menu.swift in Sources */ = {isa = PBXBuildFile; fileRef = 980910E028A2614900AC1242 /* Menu.swift */; };
		980910E328A262C600AC1242 /* Leaderboard.swift in Sources */ = {isa = PBXBuildFile; fileRef = 980910E228A262C600AC1242 /* Leaderboard.swift */; };
		980910E728A262D900AC1242 /* Game.swift in Sources */ = {isa = PBXBuildFile; fileRef = 980910E628A262D900AC1242 /* Game.swift */; };
		980910E928A262EF00AC1242 /* HowToPlay.swift in Sources */ = {isa = PBXBuildFile; fileRef = 980910E828A262EF00AC1242 /* HowToPlay.swift */; };
		980910EB28A2640600AC1242 /* ViewEnum.swift in Sources */ = {isa = PBXBuildFile; fileRef = 980910EA28A2640600AC1242 /* ViewEnum.swift */; };
		980910EF28A2863500AC1242 /* Profile.swift in Sources */ = {isa = PBXBuildFile; fileRef = 980910EE28A2863500AC1242 /* Profile.swift */; };
		987F6A7F28A631E800D34EA6 /* CircleImage.swift in Sources */ = {isa = PBXBuildFile; fileRef = 987F6A7E28A631E800D34EA6 /* CircleImage.swift */; };
		98948E9D28A22D470031FE68 /* Tic_Tac_ToeApp.swift in Sources */ = {isa = PBXBuildFile; fileRef = 98948E9C28A22D470031FE68 /* Tic_Tac_ToeApp.swift */; };
		98948E9F28A22D470031FE68 /* ContentView.swift in Sources */ = {isa = PBXBuildFile; fileRef = 98948E9E28A22D470031FE68 /* ContentView.swift */; };
		98948EA128A22D480031FE68 /* Assets.xcassets in Resources */ = {isa = PBXBuildFile; fileRef = 98948EA028A22D480031FE68 /* Assets.xcassets */; };
		98948EAE28A22DE50031FE68 /* PlaySound.swift in Sources */ = {isa = PBXBuildFile; fileRef = 98948EAD28A22DE50031FE68 /* PlaySound.swift */; };
		98948EB028A22E980031FE68 /* Player.swift in Sources */ = {isa = PBXBuildFile; fileRef = 98948EAF28A22E980031FE68 /* Player.swift */; };
		98948EB228A2366C0031FE68 /* Modifier.swift in Sources */ = {isa = PBXBuildFile; fileRef = 98948EB128A2366C0031FE68 /* Modifier.swift */; };
		98BA75B828A6102300D603DD /* Match.swift in Sources */ = {isa = PBXBuildFile; fileRef = 98BA75B728A6102300D603DD /* Match.swift */; };
/* End PBXBuildFile section */

/* Begin PBXFileReference section */
		980910E028A2614900AC1242 /* Menu.swift */ = {isa = PBXFileReference; lastKnownFileType = sourcecode.swift; path = Menu.swift; sourceTree = "<group>"; };
		980910E228A262C600AC1242 /* Leaderboard.swift */ = {isa = PBXFileReference; lastKnownFileType = sourcecode.swift; path = Leaderboard.swift; sourceTree = "<group>"; };
		980910E628A262D900AC1242 /* Game.swift */ = {isa = PBXFileReference; lastKnownFileType = sourcecode.swift; path = Game.swift; sourceTree = "<group>"; };
		980910E828A262EF00AC1242 /* HowToPlay.swift */ = {isa = PBXFileReference; lastKnownFileType = sourcecode.swift; path = HowToPlay.swift; sourceTree = "<group>"; };
		980910EA28A2640600AC1242 /* ViewEnum.swift */ = {isa = PBXFileReference; lastKnownFileType = sourcecode.swift; path = ViewEnum.swift; sourceTree = "<group>"; };
		980910EE28A2863500AC1242 /* Profile.swift */ = {isa = PBXFileReference; lastKnownFileType = sourcecode.swift; path = Profile.swift; sourceTree = "<group>"; };
		987F6A7E28A631E800D34EA6 /* CircleImage.swift */ = {isa = PBXFileReference; lastKnownFileType = sourcecode.swift; path = CircleImage.swift; sourceTree = "<group>"; };
		98948E9928A22D470031FE68 /* Tic Tac Toe.app */ = {isa = PBXFileReference; explicitFileType = wrapper.application; includeInIndex = 0; path = "Tic Tac Toe.app"; sourceTree = BUILT_PRODUCTS_DIR; };
		98948E9C28A22D470031FE68 /* Tic_Tac_ToeApp.swift */ = {isa = PBXFileReference; lastKnownFileType = sourcecode.swift; path = Tic_Tac_ToeApp.swift; sourceTree = "<group>"; };
		98948E9E28A22D470031FE68 /* ContentView.swift */ = {isa = PBXFileReference; lastKnownFileType = sourcecode.swift; path = ContentView.swift; sourceTree = "<group>"; };
		98948EA028A22D480031FE68 /* Assets.xcassets */ = {isa = PBXFileReference; lastKnownFileType = folder.assetcatalog; path = Assets.xcassets; sourceTree = "<group>"; };
		98948EAD28A22DE50031FE68 /* PlaySound.swift */ = {isa = PBXFileReference; lastKnownFileType = sourcecode.swift; path = PlaySound.swift; sourceTree = "<group>"; };
		98948EAF28A22E980031FE68 /* Player.swift */ = {isa = PBXFileReference; lastKnownFileType = sourcecode.swift; path = Player.swift; sourceTree = "<group>"; };
		98948EB128A2366C0031FE68 /* Modifier.swift */ = {isa = PBXFileReference; lastKnownFileType = sourcecode.swift; path = Modifier.swift; sourceTree = "<group>"; };
		98BA75B728A6102300D603DD /* Match.swift */ = {isa = PBXFileReference; lastKnownFileType = sourcecode.swift; path = Match.swift; sourceTree = "<group>"; };
/* End PBXFileReference section */

/* Begin PBXFrameworksBuildPhase section */
		98948E9628A22D470031FE68 /* Frameworks */ = {
			isa = PBXFrameworksBuildPhase;
			buildActionMask = 2147483647;
			files = (
			);
			runOnlyForDeploymentPostprocessing = 0;
		};
/* End PBXFrameworksBuildPhase section */

/* Begin PBXGroup section */
		987F6A8028A63CA200D34EA6 /* ViewModel */ = {
			isa = PBXGroup;
			children = (
			);
			path = ViewModel;
			sourceTree = "<group>";
		};
		98948E9028A22D470031FE68 = {
			isa = PBXGroup;
			children = (
				98948E9B28A22D470031FE68 /* Tic Tac Toe */,
				98948E9A28A22D470031FE68 /* Products */,
			);
			sourceTree = "<group>";
		};
		98948E9A28A22D470031FE68 /* Products */ = {
			isa = PBXGroup;
			children = (
				98948E9928A22D470031FE68 /* Tic Tac Toe.app */,
			);
			name = Products;
			sourceTree = "<group>";
		};
		98948E9B28A22D470031FE68 /* Tic Tac Toe */ = {
			isa = PBXGroup;
			children = (
				987F6A8028A63CA200D34EA6 /* ViewModel */,
				98948EAC28A22D900031FE68 /* Helper */,
				98948EAB28A22D880031FE68 /* Modal */,
				98948EAA28A22D820031FE68 /* View */,
				98948E9C28A22D470031FE68 /* Tic_Tac_ToeApp.swift */,
				98948EA028A22D480031FE68 /* Assets.xcassets */,
			);
			path = "Tic Tac Toe";
			sourceTree = "<group>";
		};
		98948EAA28A22D820031FE68 /* View */ = {
			isa = PBXGroup;
			children = (
				98948E9E28A22D470031FE68 /* ContentView.swift */,
				980910E028A2614900AC1242 /* Menu.swift */,
				980910E228A262C600AC1242 /* Leaderboard.swift */,
				980910E628A262D900AC1242 /* Game.swift */,
				980910E828A262EF00AC1242 /* HowToPlay.swift */,
				980910EE28A2863500AC1242 /* Profile.swift */,
				987F6A7E28A631E800D34EA6 /* CircleImage.swift */,
			);
			path = View;
			sourceTree = "<group>";
		};
		98948EAB28A22D880031FE68 /* Modal */ = {
			isa = PBXGroup;
			children = (
				98948EAF28A22E980031FE68 /* Player.swift */,
				980910EA28A2640600AC1242 /* ViewEnum.swift */,
				98BA75B728A6102300D603DD /* Match.swift */,
			);
			path = Modal;
			sourceTree = "<group>";
		};
		98948EAC28A22D900031FE68 /* Helper */ = {
			isa = PBXGroup;
			children = (
				98948EAD28A22DE50031FE68 /* PlaySound.swift */,
				98948EB128A2366C0031FE68 /* Modifier.swift */,
			);
			path = Helper;
			sourceTree = "<group>";
		};
/* End PBXGroup section */

/* Begin PBXNativeTarget section */
		98948E9828A22D470031FE68 /* Tic Tac Toe */ = {
			isa = PBXNativeTarget;
			buildConfigurationList = 98948EA728A22D490031FE68 /* Build configuration list for PBXNativeTarget "Tic Tac Toe" */;
			buildPhases = (
				98948E9528A22D470031FE68 /* Sources */,
				98948E9628A22D470031FE68 /* Frameworks */,
				98948E9728A22D470031FE68 /* Resources */,
			);
			buildRules = (
			);
			dependencies = (
			);
			name = "Tic Tac Toe";
			productName = "Tic Tac Toe";
			productReference = 98948E9928A22D470031FE68 /* Tic Tac Toe.app */;
			productType = "com.apple.product-type.application";
		};
/* End PBXNativeTarget section */

/* Begin PBXProject section */
		98948E9128A22D470031FE68 /* Project object */ = {
			isa = PBXProject;
			attributes = {
				BuildIndependentTargetsInParallel = 1;
				LastSwiftUpdateCheck = 1340;
				LastUpgradeCheck = 1340;
				TargetAttributes = {
					98948E9828A22D470031FE68 = {
						CreatedOnToolsVersion = 13.4.1;
					};
				};
			};
			buildConfigurationList = 98948E9428A22D470031FE68 /* Build configuration list for PBXProject "Tic Tac Toe" */;
			compatibilityVersion = "Xcode 13.0";
			developmentRegion = en;
			hasScannedForEncodings = 0;
			knownRegions = (
				en,
				Base,
			);
			mainGroup = 98948E9028A22D470031FE68;
			productRefGroup = 98948E9A28A22D470031FE68 /* Products */;
			projectDirPath = "";
			projectRoot = "";
			targets = (
				98948E9828A22D470031FE68 /* Tic Tac Toe */,
			);
		};
/* End PBXProject section */

/* Begin PBXResourcesBuildPhase section */
		98948E9728A22D470031FE68 /* Resources */ = {
			isa = PBXResourcesBuildPhase;
			buildActionMask = 2147483647;
			files = (
				98948EA128A22D480031FE68 /* Assets.xcassets in Resources */,
			);
			runOnlyForDeploymentPostprocessing = 0;
		};
/* End PBXResourcesBuildPhase section */

/* Begin PBXSourcesBuildPhase section */
		98948E9528A22D470031FE68 /* Sources */ = {
			isa = PBXSourcesBuildPhase;
			buildActionMask = 2147483647;
			files = (
				980910E128A2614900AC1242 /* Menu.swift in Sources */,
				980910E728A262D900AC1242 /* Game.swift in Sources */,
				98948EB028A22E980031FE68 /* Player.swift in Sources */,
				987F6A7F28A631E800D34EA6 /* CircleImage.swift in Sources */,
				98948E9F28A22D470031FE68 /* ContentView.swift in Sources */,
				980910E328A262C600AC1242 /* Leaderboard.swift in Sources */,
				980910EB28A2640600AC1242 /* ViewEnum.swift in Sources */,
				98948EAE28A22DE50031FE68 /* PlaySound.swift in Sources */,
				98948E9D28A22D470031FE68 /* Tic_Tac_ToeApp.swift in Sources */,
				980910EF28A2863500AC1242 /* Profile.swift in Sources */,
				980910E928A262EF00AC1242 /* HowToPlay.swift in Sources */,
				98948EB228A2366C0031FE68 /* Modifier.swift in Sources */,
				98BA75B828A6102300D603DD /* Match.swift in Sources */,
			);
			runOnlyForDeploymentPostprocessing = 0;
		};
/* End PBXSourcesBuildPhase section */

/* Begin XCBuildConfiguration section */
		98948EA528A22D490031FE68 /* Debug */ = {
			isa = XCBuildConfiguration;
			buildSettings = {
				ALWAYS_SEARCH_USER_PATHS = NO;
				CLANG_ANALYZER_NONNULL = YES;
				CLANG_ANALYZER_NUMBER_OBJECT_CONVERSION = YES_AGGRESSIVE;
				CLANG_CXX_LANGUAGE_STANDARD = "gnu++17";
				CLANG_ENABLE_MODULES = YES;
				CLANG_ENABLE_OBJC_ARC = YES;
				CLANG_ENABLE_OBJC_WEAK = YES;
				CLANG_WARN_BLOCK_CAPTURE_AUTORELEASING = YES;
				CLANG_WARN_BOOL_CONVERSION = YES;
				CLANG_WARN_COMMA = YES;
				CLANG_WARN_CONSTANT_CONVERSION = YES;
				CLANG_WARN_DEPRECATED_OBJC_IMPLEMENTATIONS = YES;
				CLANG_WARN_DIRECT_OBJC_ISA_USAGE = YES_ERROR;
				CLANG_WARN_DOCUMENTATION_COMMENTS = YES;
				CLANG_WARN_EMPTY_BODY = YES;
				CLANG_WARN_ENUM_CONVERSION = YES;
				CLANG_WARN_INFINITE_RECURSION = YES;
				CLANG_WARN_INT_CONVERSION = YES;
				CLANG_WARN_NON_LITERAL_NULL_CONVERSION = YES;
				CLANG_WARN_OBJC_IMPLICIT_RETAIN_SELF = YES;
				CLANG_WARN_OBJC_LITERAL_CONVERSION = YES;
				CLANG_WARN_OBJC_ROOT_CLASS = YES_ERROR;
				CLANG_WARN_QUOTED_INCLUDE_IN_FRAMEWORK_HEADER = YES;
				CLANG_WARN_RANGE_LOOP_ANALYSIS = YES;
				CLANG_WARN_STRICT_PROTOTYPES = YES;
				CLANG_WARN_SUSPICIOUS_MOVE = YES;
				CLANG_WARN_UNGUARDED_AVAILABILITY = YES_AGGRESSIVE;
				CLANG_WARN_UNREACHABLE_CODE = YES;
				CLANG_WARN__DUPLICATE_METHOD_MATCH = YES;
				COPY_PHASE_STRIP = NO;
				DEBUG_INFORMATION_FORMAT = dwarf;
				ENABLE_STRICT_OBJC_MSGSEND = YES;
				ENABLE_TESTABILITY = YES;
				GCC_C_LANGUAGE_STANDARD = gnu11;
				GCC_DYNAMIC_NO_PIC = NO;
				GCC_NO_COMMON_BLOCKS = YES;
				GCC_OPTIMIZATION_LEVEL = 0;
				GCC_PREPROCESSOR_DEFINITIONS = (
					"DEBUG=1",
					"$(inherited)",
				);
				GCC_WARN_64_TO_32_BIT_CONVERSION = YES;
				GCC_WARN_ABOUT_RETURN_TYPE = YES_ERROR;
				GCC_WARN_UNDECLARED_SELECTOR = YES;
				GCC_WARN_UNINITIALIZED_AUTOS = YES_AGGRESSIVE;
				GCC_WARN_UNUSED_FUNCTION = YES;
				GCC_WARN_UNUSED_VARIABLE = YES;
				IPHONEOS_DEPLOYMENT_TARGET = 15.5;
				MTL_ENABLE_DEBUG_INFO = INCLUDE_SOURCE;
				MTL_FAST_MATH = YES;
				ONLY_ACTIVE_ARCH = YES;
				SDKROOT = iphoneos;
				SWIFT_ACTIVE_COMPILATION_CONDITIONS = DEBUG;
				SWIFT_OPTIMIZATION_LEVEL = "-Onone";
			};
			name = Debug;
		};
		98948EA628A22D490031FE68 /* Release */ = {
			isa = XCBuildConfiguration;
			buildSettings = {
				ALWAYS_SEARCH_USER_PATHS = NO;
				CLANG_ANALYZER_NONNULL = YES;
				CLANG_ANALYZER_NUMBER_OBJECT_CONVERSION = YES_AGGRESSIVE;
				CLANG_CXX_LANGUAGE_STANDARD = "gnu++17";
				CLANG_ENABLE_MODULES = YES;
				CLANG_ENABLE_OBJC_ARC = YES;
				CLANG_ENABLE_OBJC_WEAK = YES;
				CLANG_WARN_BLOCK_CAPTURE_AUTORELEASING = YES;
				CLANG_WARN_BOOL_CONVERSION = YES;
				CLANG_WARN_COMMA = YES;
				CLANG_WARN_CONSTANT_CONVERSION = YES;
				CLANG_WARN_DEPRECATED_OBJC_IMPLEMENTATIONS = YES;
				CLANG_WARN_DIRECT_OBJC_ISA_USAGE = YES_ERROR;
				CLANG_WARN_DOCUMENTATION_COMMENTS = YES;
				CLANG_WARN_EMPTY_BODY = YES;
				CLANG_WARN_ENUM_CONVERSION = YES;
				CLANG_WARN_INFINITE_RECURSION = YES;
				CLANG_WARN_INT_CONVERSION = YES;
				CLANG_WARN_NON_LITERAL_NULL_CONVERSION = YES;
				CLANG_WARN_OBJC_IMPLICIT_RETAIN_SELF = YES;
				CLANG_WARN_OBJC_LITERAL_CONVERSION = YES;
				CLANG_WARN_OBJC_ROOT_CLASS = YES_ERROR;
				CLANG_WARN_QUOTED_INCLUDE_IN_FRAMEWORK_HEADER = YES;
				CLANG_WARN_RANGE_LOOP_ANALYSIS = YES;
				CLANG_WARN_STRICT_PROTOTYPES = YES;
				CLANG_WARN_SUSPICIOUS_MOVE = YES;
				CLANG_WARN_UNGUARDED_AVAILABILITY = YES_AGGRESSIVE;
				CLANG_WARN_UNREACHABLE_CODE = YES;
				CLANG_WARN__DUPLICATE_METHOD_MATCH = YES;
				COPY_PHASE_STRIP = NO;
				DEBUG_INFORMATION_FORMAT = "dwarf-with-dsym";
				ENABLE_NS_ASSERTIONS = NO;
				ENABLE_STRICT_OBJC_MSGSEND = YES;
				GCC_C_LANGUAGE_STANDARD = gnu11;
				GCC_NO_COMMON_BLOCKS = YES;
				GCC_WARN_64_TO_32_BIT_CONVERSION = YES;
				GCC_WARN_ABOUT_RETURN_TYPE = YES_ERROR;
				GCC_WARN_UNDECLARED_SELECTOR = YES;
				GCC_WARN_UNINITIALIZED_AUTOS = YES_AGGRESSIVE;
				GCC_WARN_UNUSED_FUNCTION = YES;
				GCC_WARN_UNUSED_VARIABLE = YES;
				IPHONEOS_DEPLOYMENT_TARGET = 15.5;
				MTL_ENABLE_DEBUG_INFO = NO;
				MTL_FAST_MATH = YES;
				SDKROOT = iphoneos;
				SWIFT_COMPILATION_MODE = wholemodule;
				SWIFT_OPTIMIZATION_LEVEL = "-O";
				VALIDATE_PRODUCT = YES;
			};
			name = Release;
		};
		98948EA828A22D490031FE68 /* Debug */ = {
			isa = XCBuildConfiguration;
			buildSettings = {
				ASSETCATALOG_COMPILER_APPICON_NAME = AppIcon;
				ASSETCATALOG_COMPILER_GLOBAL_ACCENT_COLOR_NAME = AccentColor;
				CODE_SIGN_STYLE = Automatic;
				CURRENT_PROJECT_VERSION = 1;
				DEVELOPMENT_ASSET_PATHS = "";
				ENABLE_PREVIEWS = YES;
				GENERATE_INFOPLIST_FILE = YES;
				INFOPLIST_KEY_UIApplicationSceneManifest_Generation = YES;
				INFOPLIST_KEY_UIApplicationSupportsIndirectInputEvents = YES;
				INFOPLIST_KEY_UILaunchScreen_Generation = YES;
				INFOPLIST_KEY_UISupportedInterfaceOrientations_iPad = "UIInterfaceOrientationPortrait UIInterfaceOrientationPortraitUpsideDown UIInterfaceOrientationLandscapeLeft UIInterfaceOrientationLandscapeRight";
				INFOPLIST_KEY_UISupportedInterfaceOrientations_iPhone = "UIInterfaceOrientationPortrait UIInterfaceOrientationLandscapeLeft UIInterfaceOrientationLandscapeRight";
				LD_RUNPATH_SEARCH_PATHS = (
					"$(inherited)",
					"@executable_path/Frameworks",
				);
				MARKETING_VERSION = 1.0;
				PRODUCT_BUNDLE_IDENTIFIER = "RMIT.Tic-Tac-Toe";
				PRODUCT_NAME = "$(TARGET_NAME)";
				SWIFT_EMIT_LOC_STRINGS = YES;
				SWIFT_VERSION = 5.0;
				TARGETED_DEVICE_FAMILY = "1,2";
			};
			name = Debug;
		};
		98948EA928A22D490031FE68 /* Release */ = {
			isa = XCBuildConfiguration;
			buildSettings = {
				ASSETCATALOG_COMPILER_APPICON_NAME = AppIcon;
				ASSETCATALOG_COMPILER_GLOBAL_ACCENT_COLOR_NAME = AccentColor;
				CODE_SIGN_STYLE = Automatic;
				CURRENT_PROJECT_VERSION = 1;
				DEVELOPMENT_ASSET_PATHS = "";
				ENABLE_PREVIEWS = YES;
				GENERATE_INFOPLIST_FILE = YES;
				INFOPLIST_KEY_UIApplicationSceneManifest_Generation = YES;
				INFOPLIST_KEY_UIApplicationSupportsIndirectInputEvents = YES;
				INFOPLIST_KEY_UILaunchScreen_Generation = YES;
				INFOPLIST_KEY_UISupportedInterfaceOrientations_iPad = "UIInterfaceOrientationPortrait UIInterfaceOrientationPortraitUpsideDown UIInterfaceOrientationLandscapeLeft UIInterfaceOrientationLandscapeRight";
				INFOPLIST_KEY_UISupportedInterfaceOrientations_iPhone = "UIInterfaceOrientationPortrait UIInterfaceOrientationLandscapeLeft UIInterfaceOrientationLandscapeRight";
				LD_RUNPATH_SEARCH_PATHS = (
					"$(inherited)",
					"@executable_path/Frameworks",
				);
				MARKETING_VERSION = 1.0;
				PRODUCT_BUNDLE_IDENTIFIER = "RMIT.Tic-Tac-Toe";
				PRODUCT_NAME = "$(TARGET_NAME)";
				SWIFT_EMIT_LOC_STRINGS = YES;
				SWIFT_VERSION = 5.0;
				TARGETED_DEVICE_FAMILY = "1,2";
			};
			name = Release;
		};
/* End XCBuildConfiguration section */

/* Begin XCConfigurationList section */
		98948E9428A22D470031FE68 /* Build configuration list for PBXProject "Tic Tac Toe" */ = {
			isa = XCConfigurationList;
			buildConfigurations = (
				98948EA528A22D490031FE68 /* Debug */,
				98948EA628A22D490031FE68 /* Release */,
			);
			defaultConfigurationIsVisible = 0;
			defaultConfigurationName = Release;
		};
		98948EA728A22D490031FE68 /* Build configuration list for PBXNativeTarget "Tic Tac Toe" */ = {
			isa = XCConfigurationList;
			buildConfigurations = (
				98948EA828A22D490031FE68 /* Debug */,
				98948EA928A22D490031FE68 /* Release */,
			);
			defaultConfigurationIsVisible = 0;
			defaultConfigurationName = Release;
		};
/* End XCConfigurationList section */
	};
	rootObject = 98948E9128A22D470031FE68 /* Project object */;
}
